
Microsoft Visual Studio Solution File, Format Version 11.00
# Visual Studio 2010
Project("{FAE04EC0-301F-11D3-BF4B-00C04F79EFBC}") = "FilteredCorrelationLib", "FilteredCorrelationLib\FilteredCorrelationLib.csproj", "{2E39BCC4-EE97-4FCE-9B37-7FFF8B2B806F}"
EndProject
Project("{FAE04EC0-301F-11D3-BF4B-00C04F79EFBC}") = "CorrelationWeb", "CorrelationWeb\CorrelationWeb.csproj", "{98AA585B-D62F-4246-98C7-76C3E4E34F55}"
EndProject
Global
	GlobalSection(SolutionConfigurationPlatforms) = preSolution
		Debug|Any CPU = Debug|Any CPU
		Release|Any CPU = Release|Any CPU
	EndGlobalSection
	GlobalSection(ProjectConfigurationPlatforms) = postSolution
		{2E39BCC4-EE97-4FCE-9B37-7FFF8B2B806F}.Debug|Any CPU.ActiveCfg = Debug|Any CPU
		{2E39BCC4-EE97-4FCE-9B37-7FFF8B2B806F}.Debug|Any CPU.Build.0 = Debug|Any CPU
		{2E39BCC4-EE97-4FCE-9B37-7FFF8B2B806F}.Release|Any CPU.ActiveCfg = Release|Any CPU
		{2E39BCC4-EE97-4FCE-9B37-7FFF8B2B806F}.Release|Any CPU.Build.0 = Release|Any CPU
		{98AA585B-D62F-4246-98C7-76C3E4E34F55}.Debug|Any CPU.ActiveCfg = Debug|Any CPU
		{98AA585B-D62F-4246-98C7-76C3E4E34F55}.Debug|Any CPU.Build.0 = Debug|Any CPU
		{98AA585B-D62F-4246-98C7-76C3E4E34F55}.Release|Any CPU.ActiveCfg = Release|Any CPU
		{98AA585B-D62F-4246-98C7-76C3E4E34F55}.Release|Any CPU.Build.0 = Release|Any CPU
	EndGlobalSection
	GlobalSection(SolutionProperties) = preSolution
		HideSolutionNode = FALSE
	EndGlobalSection
EndGlobal
